
Microsoft Visual Studio Solution File, Format Version 12.00
# Visual Studio Version 17
VisualStudioVersion = 17.3.32804.467
MinimumVisualStudioVersion = 10.0.40219.1
Project("{9A19103F-16F7-4668-BE54-9A1E7A4F7556}") = "GraphQL.NET", "GraphQL.NET\GraphQL.NET.csproj", "{0055427E-AB27-4ABE-97CD-16E397D4B490}"
EndProject
Project("{9A19103F-16F7-4668-BE54-9A1E7A4F7556}") = "RestSharpTest", "RestSharpTest\RestSharpTest\RestSharpTest.csproj", "{53BC05FC-0EE0-4045-8D41-C0B2EB0A7E49}"
EndProject
Project("{9A19103F-16F7-4668-BE54-9A1E7A4F7556}") = "SpecFlowTest", "SpecFlowTest\SpecFlowTest.csproj", "{2F6786AB-7C6C-40E6-ADFF-42AB6772CA11}"
EndProject
Project("{9A19103F-16F7-4668-BE54-9A1E7A4F7556}") = "GraphQLTest", "GraphQLTest\GraphQLTest.csproj", "{2BCA4FB2-742F-484C-9ADF-BEF86036A667}"
EndProject
Global
	GlobalSection(SolutionConfigurationPlatforms) = preSolution
		Debug|Any CPU = Debug|Any CPU
		Release|Any CPU = Release|Any CPU
	EndGlobalSection
	GlobalSection(ProjectConfigurationPlatforms) = postSolution
		{0055427E-AB27-4ABE-97CD-16E397D4B490}.Debug|Any CPU.ActiveCfg = Debug|Any CPU
		{0055427E-AB27-4ABE-97CD-16E397D4B490}.Debug|Any CPU.Build.0 = Debug|Any CPU
		{0055427E-AB27-4ABE-97CD-16E397D4B490}.Release|Any CPU.ActiveCfg = Release|Any CPU
		{0055427E-AB27-4ABE-97CD-16E397D4B490}.Release|Any CPU.Build.0 = Release|Any CPU
		{53BC05FC-0EE0-4045-8D41-C0B2EB0A7E49}.Debug|Any CPU.ActiveCfg = Debug|Any CPU
		{53BC05FC-0EE0-4045-8D41-C0B2EB0A7E49}.Debug|Any CPU.Build.0 = Debug|Any CPU
		{53BC05FC-0EE0-4045-8D41-C0B2EB0A7E49}.Release|Any CPU.ActiveCfg = Release|Any CPU
		{53BC05FC-0EE0-4045-8D41-C0B2EB0A7E49}.Release|Any CPU.Build.0 = Release|Any CPU
		{2F6786AB-7C6C-40E6-ADFF-42AB6772CA11}.Debug|Any CPU.ActiveCfg = Debug|Any CPU
		{2F6786AB-7C6C-40E6-ADFF-42AB6772CA11}.Debug|Any CPU.Build.0 = Debug|Any CPU
		{2F6786AB-7C6C-40E6-ADFF-42AB6772CA11}.Release|Any CPU.ActiveCfg = Release|Any CPU
		{2F6786AB-7C6C-40E6-ADFF-42AB6772CA11}.Release|Any CPU.Build.0 = Release|Any CPU
		{2BCA4FB2-742F-484C-9ADF-BEF86036A667}.Debug|Any CPU.ActiveCfg = Debug|Any CPU
		{2BCA4FB2-742F-484C-9ADF-BEF86036A667}.Debug|Any CPU.Build.0 = Debug|Any CPU
		{2BCA4FB2-742F-484C-9ADF-BEF86036A667}.Release|Any CPU.ActiveCfg = Release|Any CPU
		{2BCA4FB2-742F-484C-9ADF-BEF86036A667}.Release|Any CPU.Build.0 = Release|Any CPU
	EndGlobalSection
	GlobalSection(SolutionProperties) = preSolution
		HideSolutionNode = FALSE
	EndGlobalSection
	GlobalSection(ExtensibilityGlobals) = postSolution
		SolutionGuid = {0950FBCF-BD36-481E-9A04-6ECCF603652F}
	EndGlobalSection
EndGlobal
